{
  "version": 4,
  "terraform_version": "1.8.3",
  "serial": 37,
  "lineage": "50445349-c4cf-6779-faff-25a833545071",
  "outputs": {
    "db_instance_address": {
      "value": "postgres-db.cxiw4ui46jsl.us-east-1.rds.amazonaws.com",
      "type": "string"
    },
    "vpc_id": {
      "value": "vpc-03d0cf96d9c79a2c8",
      "type": "string"
    }
  },
  "resources": [
    {
      "mode": "data",
      "type": "aws_ami",
      "name": "latest",
      "provider": "provider[\"registry.terraform.io/hashicorp/aws\"]",
      "instances": [
        {
          "schema_version": 0,
          "attributes": {
            "architecture": "x86_64",
            "arn": "arn:aws:ec2:us-east-1::image/ami-0babef7f814da8951",
            "block_device_mappings": [
              {
                "device_name": "/dev/xvda",
                "ebs": {
                  "delete_on_termination": "true",
                  "encrypted": "false",
                  "iops": "0",
                  "snapshot_id": "snap-06f63f41429f72c9d",
                  "throughput": "0",
                  "volume_size": "8",
                  "volume_type": "gp2"
                },
                "no_device": "",
                "virtual_name": ""
              }
            ],
            "boot_mode": "",
            "creation_date": "2024-05-04T01:19:39.000Z",
            "deprecation_time": "2025-07-01T00:00:00.000Z",
            "description": "Amazon Linux 2 AMI 2.0.20240503.0 x86_64 HVM gp2",
            "ena_support": true,
            "executable_users": null,
            "filter": [
              {
                "name": "name",
                "values": [
                  "amzn2-ami-hvm-*-x86_64-gp2"
                ]
              }
            ],
            "hypervisor": "xen",
            "id": "ami-0babef7f814da8951",
            "image_id": "ami-0babef7f814da8951",
            "image_location": "amazon/amzn2-ami-hvm-2.0.20240503.0-x86_64-gp2",
            "image_owner_alias": "amazon",
            "image_type": "machine",
            "imds_support": "",
            "include_deprecated": false,
            "kernel_id": "",
            "most_recent": true,
            "name": "amzn2-ami-hvm-2.0.20240503.0-x86_64-gp2",
            "name_regex": null,
            "owner_id": "137112412989",
            "owners": [
              "amazon"
            ],
            "platform": "",
            "platform_details": "Linux/UNIX",
            "product_codes": [],
            "public": true,
            "ramdisk_id": "",
            "root_device_name": "/dev/xvda",
            "root_device_type": "ebs",
            "root_snapshot_id": "snap-06f63f41429f72c9d",
            "sriov_net_support": "simple",
            "state": "available",
            "state_reason": {
              "code": "UNSET",
              "message": "UNSET"
            },
            "tags": {},
            "timeouts": null,
            "tpm_support": "",
            "usage_operation": "RunInstances",
            "virtualization_type": "hvm"
          },
          "sensitive_attributes": []
        }
      ]
    },
    {
      "mode": "data",
      "type": "aws_ssm_parameter",
      "name": "ami_id",
      "provider": "provider[\"registry.terraform.io/hashicorp/aws\"]",
      "instances": [
        {
          "schema_version": 0,
          "attributes": {
            "arn": "arn:aws:ssm:us-east-1::parameter/aws/service/ami-amazon-linux-latest/amzn2-ami-hvm-x86_64-gp2",
            "id": "/aws/service/ami-amazon-linux-latest/amzn2-ami-hvm-x86_64-gp2",
            "insecure_value": "ami-0babef7f814da8951",
            "name": "/aws/service/ami-amazon-linux-latest/amzn2-ami-hvm-x86_64-gp2",
            "type": "String",
            "value": "ami-0babef7f814da8951",
            "version": 115,
            "with_decryption": true
          },
          "sensitive_attributes": [
            [
              {
                "type": "get_attr",
                "value": "value"
              }
            ]
          ]
        }
      ]
    },
    {
      "mode": "managed",
      "type": "aws_db_instance",
      "name": "default",
      "provider": "provider[\"registry.terraform.io/hashicorp/aws\"]",
      "instances": [
        {
          "schema_version": 2,
          "attributes": {
            "address": "postgres-db.cxiw4ui46jsl.us-east-1.rds.amazonaws.com",
            "allocated_storage": 5,
            "allow_major_version_upgrade": null,
            "apply_immediately": false,
            "arn": "arn:aws:rds:us-east-1:730335199760:db:postgres-db",
            "auto_minor_version_upgrade": true,
            "availability_zone": "us-east-1a",
            "backup_retention_period": 0,
            "backup_target": "region",
            "backup_window": "07:05-07:35",
            "blue_green_update": [],
            "ca_cert_identifier": "rds-ca-rsa2048-g1",
            "character_set_name": "",
            "copy_tags_to_snapshot": false,
            "custom_iam_instance_profile": "",
            "customer_owned_ip_enabled": false,
            "db_name": "",
            "db_subnet_group_name": "main-subnet-group",
            "dedicated_log_volume": false,
            "delete_automated_backups": true,
            "deletion_protection": false,
            "domain": "",
            "domain_auth_secret_arn": "",
            "domain_dns_ips": [],
            "domain_fqdn": "",
            "domain_iam_role_name": "",
            "domain_ou": "",
            "enabled_cloudwatch_logs_exports": [],
            "endpoint": "postgres-db.cxiw4ui46jsl.us-east-1.rds.amazonaws.com:5432",
            "engine": "postgres",
            "engine_version": "16.1",
            "engine_version_actual": "16.1",
            "final_snapshot_identifier": null,
            "hosted_zone_id": "Z2R2ITUGPM61AM",
            "iam_database_authentication_enabled": false,
            "id": "db-CXPAXUHUHJIUBBXVA3QNQ2RQ5A",
            "identifier": "postgres-db",
            "identifier_prefix": "",
            "instance_class": "db.t3.micro",
            "iops": 0,
            "kms_key_id": "",
            "latest_restorable_time": "",
            "license_model": "postgresql-license",
            "listener_endpoint": [],
            "maintenance_window": "tue:09:41-tue:10:11",
            "manage_master_user_password": null,
            "master_user_secret": [],
            "master_user_secret_kms_key_id": null,
            "max_allocated_storage": 0,
            "monitoring_interval": 0,
            "monitoring_role_arn": "",
            "multi_az": false,
            "nchar_character_set_name": "",
            "network_type": "IPV4",
            "option_group_name": "default:postgres-16",
            "parameter_group_name": "default.postgres16",
            "password": "postgresdb",
            "performance_insights_enabled": false,
            "performance_insights_kms_key_id": "",
            "performance_insights_retention_period": 0,
            "port": 5432,
            "publicly_accessible": false,
            "replica_mode": "",
            "replicas": [],
            "replicate_source_db": "",
            "resource_id": "db-CXPAXUHUHJIUBBXVA3QNQ2RQ5A",
            "restore_to_point_in_time": [],
            "s3_import": [],
            "skip_final_snapshot": true,
            "snapshot_identifier": null,
            "status": "available",
            "storage_encrypted": false,
            "storage_throughput": 0,
            "storage_type": "gp2",
            "tags": {
              "Name": "rds-dev"
            },
            "tags_all": {
              "Name": "rds-dev"
            },
            "timeouts": null,
            "timezone": "",
            "username": "postgres",
            "vpc_security_group_ids": [
              "sg-05d6952d8145535d9"
            ]
          },
          "sensitive_attributes": [
            [
              {
                "type": "get_attr",
                "value": "password"
              }
            ]
          ],
          "private": "eyJlMmJmYjczMC1lY2FhLTExZTYtOGY4OC0zNDM2M2JjN2M0YzAiOnsiY3JlYXRlIjoyNDAwMDAwMDAwMDAwLCJkZWxldGUiOjM2MDAwMDAwMDAwMDAsInVwZGF0ZSI6NDgwMDAwMDAwMDAwMH0sInNjaGVtYV92ZXJzaW9uIjoiMiJ9",
          "dependencies": [
            "aws_db_subnet_group.main",
            "aws_security_group.ec2",
            "aws_security_group.elb",
            "aws_subnet.public_subnet_1a",
            "aws_subnet.public_subnet_1b",
            "aws_vpc.main"
          ]
        }
      ]
    },
    {
      "mode": "managed",
      "type": "aws_db_subnet_group",
      "name": "main",
      "provider": "provider[\"registry.terraform.io/hashicorp/aws\"]",
      "instances": [
        {
          "schema_version": 0,
          "attributes": {
            "arn": "arn:aws:rds:us-east-1:730335199760:subgrp:main-subnet-group",
            "description": "Managed by Terraform",
            "id": "main-subnet-group",
            "name": "main-subnet-group",
            "name_prefix": "",
            "subnet_ids": [
              "subnet-038aa3a3889596941",
              "subnet-0fa73735699e7ad53"
            ],
            "supported_network_types": [
              "IPV4"
            ],
            "tags": {
              "Name": "main-subnet-group"
            },
            "tags_all": {
              "Name": "main-subnet-group"
            },
            "vpc_id": "vpc-03d0cf96d9c79a2c8"
          },
          "sensitive_attributes": [],
          "private": "bnVsbA==",
          "dependencies": [
            "aws_subnet.private_1",
            "aws_subnet.private_2",
            "aws_subnet.public_subnet_1a",
            "aws_subnet.public_subnet_1b",
            "aws_vpc.main"
          ]
        }
      ]
    },
    {
      "mode": "managed",
      "type": "aws_internet_gateway",
      "name": "main",
      "provider": "provider[\"registry.terraform.io/hashicorp/aws\"]",
      "instances": [
        {
          "schema_version": 0,
          "attributes": {
            "arn": "arn:aws:ec2:us-east-1:730335199760:internet-gateway/igw-0dc86ff54ed20d7ee",
            "id": "igw-0dc86ff54ed20d7ee",
            "owner_id": "730335199760",
            "tags": {
              "Name": "internet-gateway-dev"
            },
            "tags_all": {
              "Name": "internet-gateway-dev"
            },
            "timeouts": null,
            "vpc_id": "vpc-03d0cf96d9c79a2c8"
          },
          "sensitive_attributes": [],
          "private": "eyJlMmJmYjczMC1lY2FhLTExZTYtOGY4OC0zNDM2M2JjN2M0YzAiOnsiY3JlYXRlIjoxMjAwMDAwMDAwMDAwLCJkZWxldGUiOjEyMDAwMDAwMDAwMDAsInVwZGF0ZSI6MTIwMDAwMDAwMDAwMH19",
          "dependencies": [
            "aws_vpc.main"
          ]
        }
      ]
    },
    {
      "mode": "managed",
      "type": "aws_key_pair",
      "name": "kp",
      "provider": "provider[\"registry.terraform.io/hashicorp/aws\"]",
      "instances": [
        {
          "schema_version": 1,
          "attributes": {
            "arn": "arn:aws:ec2:us-east-1:730335199760:key-pair/TESTEKP",
            "fingerprint": "ea:1d:ef:66:42:3d:52:57:f8:32:0b:37:c5:a6:08:41",
            "id": "TESTEKP",
            "key_name": "TESTEKP",
            "key_name_prefix": "",
            "key_pair_id": "key-09e1b7858c680abaf",
            "key_type": "rsa",
            "public_key": "ssh-rsa AAAAB3NzaC1yc2EAAAADAQABAAACAQDSye6Vq93L4GssihCLEfezi4SelwUOyBOMSPjvkhV/GoBv2S3Ukkp7sG/V8gJKriPNVUjZD1hZRx6Rz9kToPg+D8JQiEUVe4/81i7pLLKgtxTofqi0onM4PNzn1fEl9xRMVqBJFUn4viPnGlGHS9J62WWWOeRDBBWqXKYiMyWAohdfYEa8pwicym2r4cl24HcTVn9F3KTw8P/cBOtWfrnqaxJrwzswLcuvrrIaa7BSKtSAFtZxTgt2dKY2a9LhJ/qalwL8DfbkKZIbJ9AP836XWOUzMTRvsSV9nd0HCUuSRx2HKZRfobm7puJ381RgwZTwnHDZj9MpIXaPC9Y4Xs7izmlLhk3PqA/Q6kC9eTYvD3iYIuTu8p7DblL45JRvGBoZli9a2+zamg4zgn8iqY4+itnodH4MtV8MqVBPk4a1XcobgBkqtxyEIBWwKRnELkP8vF1nrsdtehwdwFSF/qt3UNY4x96G8C4Pi2B3U3LShov+NrT7vLJnoJ4MsuJd9DU0AuT0D8ujNV6KyfJGrCX3QKytD0SAPq/qO4lb1CuEZSe5Zk5iCUKWfjcLdEDR83iTMxwM4WY7yXgJRx1PZp749zPhPiJawrY3g+FYr+cydyzNlGcFov+gX3om6sNeRL6A9hoKes5Qb39SY7UMNexVB/io09HkyCIpLzp8RG3bWw==",
            "tags": null,
            "tags_all": {}
          },
          "sensitive_attributes": [],
          "private": "eyJzY2hlbWFfdmVyc2lvbiI6IjEifQ==",
          "dependencies": [
            "tls_private_key.pk"
          ]
        }
      ]
    },
    {
      "mode": "managed",
      "type": "aws_lb",
      "name": "elb",
      "provider": "provider[\"registry.terraform.io/hashicorp/aws\"]",
      "instances": [
        {
          "schema_version": 0,
          "attributes": {
            "access_logs": [
              {
                "bucket": "",
                "enabled": false,
                "prefix": ""
              }
            ],
            "arn": "arn:aws:elasticloadbalancing:us-east-1:730335199760:loadbalancer/app/elb-dev/c3962227f21aa8c1",
            "arn_suffix": "app/elb-dev/c3962227f21aa8c1",
            "client_keep_alive": 3600,
            "connection_logs": [
              {
                "bucket": "",
                "enabled": false,
                "prefix": ""
              }
            ],
            "customer_owned_ipv4_pool": "",
            "desync_mitigation_mode": "defensive",
            "dns_name": "elb-dev-1301291377.us-east-1.elb.amazonaws.com",
            "dns_record_client_routing_policy": null,
            "drop_invalid_header_fields": false,
            "enable_cross_zone_load_balancing": true,
            "enable_deletion_protection": false,
            "enable_http2": true,
            "enable_tls_version_and_cipher_suite_headers": false,
            "enable_waf_fail_open": false,
            "enable_xff_client_port": false,
            "enforce_security_group_inbound_rules_on_private_link_traffic": "",
            "id": "arn:aws:elasticloadbalancing:us-east-1:730335199760:loadbalancer/app/elb-dev/c3962227f21aa8c1",
            "idle_timeout": 60,
            "internal": false,
            "ip_address_type": "ipv4",
            "load_balancer_type": "application",
            "name": "elb-dev",
            "name_prefix": "",
            "preserve_host_header": false,
            "security_groups": [
              "sg-023108d8ea0c69610"
            ],
            "subnet_mapping": [
              {
                "allocation_id": "",
                "ipv6_address": "",
                "outpost_id": "",
                "private_ipv4_address": "",
                "subnet_id": "subnet-0083e6d7c7c413239"
              },
              {
                "allocation_id": "",
                "ipv6_address": "",
                "outpost_id": "",
                "private_ipv4_address": "",
                "subnet_id": "subnet-01b3f34bdcfd433f9"
              }
            ],
            "subnets": [
              "subnet-0083e6d7c7c413239",
              "subnet-01b3f34bdcfd433f9"
            ],
            "tags": {
              "Name": "elb-dev"
            },
            "tags_all": {
              "Name": "elb-dev"
            },
            "timeouts": null,
            "vpc_id": "vpc-03d0cf96d9c79a2c8",
            "xff_header_processing_mode": "append",
            "zone_id": "Z35SXDOTRQ7X7K"
          },
          "sensitive_attributes": [],
          "private": "eyJlMmJmYjczMC1lY2FhLTExZTYtOGY4OC0zNDM2M2JjN2M0YzAiOnsiY3JlYXRlIjo2MDAwMDAwMDAwMDAsImRlbGV0ZSI6NjAwMDAwMDAwMDAwLCJ1cGRhdGUiOjYwMDAwMDAwMDAwMH19",
          "dependencies": [
            "aws_security_group.elb",
            "aws_subnet.public_1",
            "aws_subnet.public_2",
            "aws_subnet.public_subnet_1a",
            "aws_subnet.public_subnet_1b",
            "aws_vpc.main"
          ]
        }
      ]
    },
    {
      "mode": "managed",
      "type": "aws_lb_listener",
      "name": "http",
      "provider": "provider[\"registry.terraform.io/hashicorp/aws\"]",
      "instances": [
        {
          "schema_version": 0,
          "attributes": {
            "alpn_policy": null,
            "arn": "arn:aws:elasticloadbalancing:us-east-1:730335199760:listener/app/elb-dev/c3962227f21aa8c1/a8375960e7b13c25",
            "certificate_arn": null,
            "default_action": [
              {
                "authenticate_cognito": [],
                "authenticate_oidc": [],
                "fixed_response": [],
                "forward": [],
                "order": 1,
                "redirect": [],
                "target_group_arn": "arn:aws:elasticloadbalancing:us-east-1:730335199760:targetgroup/EC2TargetGroup/d2838527d3ecd316",
                "type": "forward"
              }
            ],
            "id": "arn:aws:elasticloadbalancing:us-east-1:730335199760:listener/app/elb-dev/c3962227f21aa8c1/a8375960e7b13c25",
            "load_balancer_arn": "arn:aws:elasticloadbalancing:us-east-1:730335199760:loadbalancer/app/elb-dev/c3962227f21aa8c1",
            "mutual_authentication": [],
            "port": 80,
            "protocol": "HTTP",
            "ssl_policy": "",
            "tags": {},
            "tags_all": {},
            "timeouts": null
          },
          "sensitive_attributes": [],
          "private": "eyJlMmJmYjczMC1lY2FhLTExZTYtOGY4OC0zNDM2M2JjN2M0YzAiOnsiY3JlYXRlIjozMDAwMDAwMDAwMDAsInVwZGF0ZSI6MzAwMDAwMDAwMDAwfX0=",
          "dependencies": [
            "aws_lb.elb",
            "aws_lb_target_group.ec2",
            "aws_security_group.elb",
            "aws_subnet.public_subnet_1a",
            "aws_subnet.public_subnet_1b",
            "aws_vpc.main"
          ]
        }
      ]
    },
    {
      "mode": "managed",
      "type": "aws_lb_target_group",
      "name": "ec2",
      "provider": "provider[\"registry.terraform.io/hashicorp/aws\"]",
      "instances": [
        {
          "schema_version": 0,
          "attributes": {
            "arn": "arn:aws:elasticloadbalancing:us-east-1:730335199760:targetgroup/EC2TargetGroup/d2838527d3ecd316",
            "arn_suffix": "targetgroup/EC2TargetGroup/d2838527d3ecd316",
            "connection_termination": null,
            "deregistration_delay": "300",
            "health_check": [
              {
                "enabled": true,
                "healthy_threshold": 5,
                "interval": 30,
                "matcher": "200",
                "path": "/",
                "port": "traffic-port",
                "protocol": "HTTP",
                "timeout": 15,
                "unhealthy_threshold": 3
              }
            ],
            "id": "arn:aws:elasticloadbalancing:us-east-1:730335199760:targetgroup/EC2TargetGroup/d2838527d3ecd316",
            "ip_address_type": "ipv4",
            "lambda_multi_value_headers_enabled": false,
            "load_balancer_arns": [
              "arn:aws:elasticloadbalancing:us-east-1:730335199760:loadbalancer/app/elb-dev/c3962227f21aa8c1"
            ],
            "load_balancing_algorithm_type": "round_robin",
            "load_balancing_anomaly_mitigation": "off",
            "load_balancing_cross_zone_enabled": "use_load_balancer_configuration",
            "name": "EC2TargetGroup",
            "name_prefix": "",
            "port": 80,
            "preserve_client_ip": null,
            "protocol": "HTTP",
            "protocol_version": "HTTP1",
            "proxy_protocol_v2": false,
            "slow_start": 0,
            "stickiness": [
              {
                "cookie_duration": 86400,
                "cookie_name": "",
                "enabled": false,
                "type": "lb_cookie"
              }
            ],
            "tags": {},
            "tags_all": {},
            "target_failover": [
              {
                "on_deregistration": null,
                "on_unhealthy": null
              }
            ],
            "target_health_state": [
              {
                "enable_unhealthy_connection_termination": null
              }
            ],
            "target_type": "instance",
            "vpc_id": "vpc-03d0cf96d9c79a2c8"
          },
          "sensitive_attributes": [],
          "private": "bnVsbA==",
          "dependencies": [
            "aws_vpc.main"
          ]
        }
      ]
    },
    {
      "mode": "managed",
      "type": "aws_route_table",
      "name": "public",
      "provider": "provider[\"registry.terraform.io/hashicorp/aws\"]",
      "instances": [
        {
          "schema_version": 0,
          "attributes": {
            "arn": "arn:aws:ec2:us-east-1:730335199760:route-table/rtb-077fe2e8fd380d71c",
            "id": "rtb-077fe2e8fd380d71c",
            "owner_id": "730335199760",
            "propagating_vgws": [],
            "route": [
              {
                "carrier_gateway_id": "",
                "cidr_block": "0.0.0.0/0",
                "core_network_arn": "",
                "destination_prefix_list_id": "",
                "egress_only_gateway_id": "",
                "gateway_id": "igw-0dc86ff54ed20d7ee",
                "ipv6_cidr_block": "",
                "local_gateway_id": "",
                "nat_gateway_id": "",
                "network_interface_id": "",
                "transit_gateway_id": "",
                "vpc_endpoint_id": "",
                "vpc_peering_connection_id": ""
              }
            ],
            "tags": {
              "Name": "public-route-table-dev"
            },
            "tags_all": {
              "Name": "public-route-table-dev"
            },
            "timeouts": null,
            "vpc_id": "vpc-03d0cf96d9c79a2c8"
          },
          "sensitive_attributes": [],
          "private": "eyJlMmJmYjczMC1lY2FhLTExZTYtOGY4OC0zNDM2M2JjN2M0YzAiOnsiY3JlYXRlIjozMDAwMDAwMDAwMDAsImRlbGV0ZSI6MzAwMDAwMDAwMDAwLCJ1cGRhdGUiOjEyMDAwMDAwMDAwMH19",
          "dependencies": [
            "aws_internet_gateway.main",
            "aws_vpc.main"
          ]
        }
      ]
    },
    {
      "mode": "managed",
      "type": "aws_security_group",
      "name": "ec2",
      "provider": "provider[\"registry.terraform.io/hashicorp/aws\"]",
      "instances": [
        {
          "schema_version": 1,
          "attributes": {
            "arn": "arn:aws:ec2:us-east-1:730335199760:security-group/sg-05d6952d8145535d9",
            "description": "EC2 Security Group",
            "egress": [],
            "id": "sg-05d6952d8145535d9",
            "ingress": [
              {
                "cidr_blocks": [
                  "0.0.0.0/0"
                ],
                "description": "",
                "from_port": 22,
                "ipv6_cidr_blocks": [],
                "prefix_list_ids": [],
                "protocol": "tcp",
                "security_groups": [],
                "self": false,
                "to_port": 22
              },
              {
                "cidr_blocks": [
                  "0.0.0.0/0"
                ],
                "description": "",
                "from_port": 8080,
                "ipv6_cidr_blocks": [],
                "prefix_list_ids": [],
                "protocol": "tcp",
                "security_groups": [],
                "self": false,
                "to_port": 8080
              },
              {
                "cidr_blocks": [],
                "description": "",
                "from_port": 80,
                "ipv6_cidr_blocks": [],
                "prefix_list_ids": [],
                "protocol": "tcp",
                "security_groups": [
                  "sg-023108d8ea0c69610"
                ],
                "self": false,
                "to_port": 80
              }
            ],
            "name": "ec2-security-group-dev20240515122503788500000004",
            "name_prefix": "ec2-security-group-dev",
            "owner_id": "730335199760",
            "revoke_rules_on_delete": false,
            "tags": {
              "Name": "ec2-security-group-dev"
            },
            "tags_all": {
              "Name": "ec2-security-group-dev"
            },
            "timeouts": null,
            "vpc_id": "vpc-03d0cf96d9c79a2c8"
          },
          "sensitive_attributes": [],
          "private": "eyJlMmJmYjczMC1lY2FhLTExZTYtOGY4OC0zNDM2M2JjN2M0YzAiOnsiY3JlYXRlIjo2MDAwMDAwMDAwMDAsImRlbGV0ZSI6OTAwMDAwMDAwMDAwfSwic2NoZW1hX3ZlcnNpb24iOiIxIn0=",
          "dependencies": [
            "aws_security_group.elb",
            "aws_vpc.main"
          ]
        }
      ]
    },
    {
      "mode": "managed",
      "type": "aws_security_group",
      "name": "elb",
      "provider": "provider[\"registry.terraform.io/hashicorp/aws\"]",
      "instances": [
        {
          "schema_version": 1,
          "attributes": {
            "arn": "arn:aws:ec2:us-east-1:730335199760:security-group/sg-023108d8ea0c69610",
            "description": "ELB Security Group",
            "egress": [],
            "id": "sg-023108d8ea0c69610",
            "ingress": [
              {
                "cidr_blocks": [
                  "0.0.0.0/0"
                ],
                "description": "",
                "from_port": 8080,
                "ipv6_cidr_blocks": [],
                "prefix_list_ids": [],
                "protocol": "tcp",
                "security_groups": [],
                "self": false,
                "to_port": 8080
              },
              {
                "cidr_blocks": [
                  "0.0.0.0/0"
                ],
                "description": "",
                "from_port": 80,
                "ipv6_cidr_blocks": [],
                "prefix_list_ids": [],
                "protocol": "tcp",
                "security_groups": [],
                "self": false,
                "to_port": 80
              }
            ],
            "name": "elb-security-group-dev20240515122459651000000002",
            "name_prefix": "elb-security-group-dev",
            "owner_id": "730335199760",
            "revoke_rules_on_delete": false,
            "tags": {
              "Name": "elb-security-group-dev"
            },
            "tags_all": {
              "Name": "elb-security-group-dev"
            },
            "timeouts": null,
            "vpc_id": "vpc-03d0cf96d9c79a2c8"
          },
          "sensitive_attributes": [],
          "private": "eyJlMmJmYjczMC1lY2FhLTExZTYtOGY4OC0zNDM2M2JjN2M0YzAiOnsiY3JlYXRlIjo2MDAwMDAwMDAwMDAsImRlbGV0ZSI6OTAwMDAwMDAwMDAwfSwic2NoZW1hX3ZlcnNpb24iOiIxIn0=",
          "dependencies": [
            "aws_vpc.main"
          ]
        }
      ]
    },
    {
      "mode": "managed",
      "type": "aws_subnet",
      "name": "private_1",
      "provider": "provider[\"registry.terraform.io/hashicorp/aws\"]",
      "instances": [
        {
          "schema_version": 1,
          "attributes": {
            "arn": "arn:aws:ec2:us-east-1:730335199760:subnet/subnet-0fa73735699e7ad53",
            "assign_ipv6_address_on_creation": false,
            "availability_zone": "us-east-1a",
            "availability_zone_id": "use1-az4",
            "cidr_block": "10.0.2.0/24",
            "customer_owned_ipv4_pool": "",
            "enable_dns64": false,
            "enable_lni_at_device_index": 0,
            "enable_resource_name_dns_a_record_on_launch": false,
            "enable_resource_name_dns_aaaa_record_on_launch": false,
            "id": "subnet-0fa73735699e7ad53",
            "ipv6_cidr_block": "",
            "ipv6_cidr_block_association_id": "",
            "ipv6_native": false,
            "map_customer_owned_ip_on_launch": false,
            "map_public_ip_on_launch": false,
            "outpost_arn": "",
            "owner_id": "730335199760",
            "private_dns_hostname_type_on_launch": "ip-name",
            "tags": {
              "Name": "private-subnet-1-dev"
            },
            "tags_all": {
              "Name": "private-subnet-1-dev"
            },
            "timeouts": null,
            "vpc_id": "vpc-03d0cf96d9c79a2c8"
          },
          "sensitive_attributes": [],
          "private": "eyJlMmJmYjczMC1lY2FhLTExZTYtOGY4OC0zNDM2M2JjN2M0YzAiOnsiY3JlYXRlIjo2MDAwMDAwMDAwMDAsImRlbGV0ZSI6MTIwMDAwMDAwMDAwMH0sInNjaGVtYV92ZXJzaW9uIjoiMSJ9",
          "dependencies": [
            "aws_vpc.main"
          ]
        }
      ]
    },
    {
      "mode": "managed",
      "type": "aws_subnet",
      "name": "public_1",
      "provider": "provider[\"registry.terraform.io/hashicorp/aws\"]",
      "instances": [
        {
          "schema_version": 1,
          "attributes": {
            "arn": "arn:aws:ec2:us-east-1:730335199760:subnet/subnet-01b3f34bdcfd433f9",
            "assign_ipv6_address_on_creation": false,
            "availability_zone": "us-east-1a",
            "availability_zone_id": "use1-az4",
            "cidr_block": "10.0.1.0/24",
            "customer_owned_ipv4_pool": "",
            "enable_dns64": false,
            "enable_lni_at_device_index": 0,
            "enable_resource_name_dns_a_record_on_launch": false,
            "enable_resource_name_dns_aaaa_record_on_launch": false,
            "id": "subnet-01b3f34bdcfd433f9",
            "ipv6_cidr_block": "",
            "ipv6_cidr_block_association_id": "",
            "ipv6_native": false,
            "map_customer_owned_ip_on_launch": false,
            "map_public_ip_on_launch": true,
            "outpost_arn": "",
            "owner_id": "730335199760",
            "private_dns_hostname_type_on_launch": "ip-name",
            "tags": {
              "Name": "public-subnet-1-dev"
            },
            "tags_all": {
              "Name": "public-subnet-1-dev"
            },
            "timeouts": null,
            "vpc_id": "vpc-03d0cf96d9c79a2c8"
          },
          "sensitive_attributes": [],
          "private": "eyJlMmJmYjczMC1lY2FhLTExZTYtOGY4OC0zNDM2M2JjN2M0YzAiOnsiY3JlYXRlIjo2MDAwMDAwMDAwMDAsImRlbGV0ZSI6MTIwMDAwMDAwMDAwMH0sInNjaGVtYV92ZXJzaW9uIjoiMSJ9",
          "dependencies": [
            "aws_vpc.main"
          ]
        }
      ]
    },
    {
      "mode": "managed",
      "type": "aws_vpc",
      "name": "main",
      "provider": "provider[\"registry.terraform.io/hashicorp/aws\"]",
      "instances": [
        {
          "schema_version": 1,
          "attributes": {
            "arn": "arn:aws:ec2:us-east-1:730335199760:vpc/vpc-03d0cf96d9c79a2c8",
            "assign_generated_ipv6_cidr_block": false,
            "cidr_block": "10.0.0.0/16",
            "default_network_acl_id": "acl-02f479742f24ed875",
            "default_route_table_id": "rtb-07054dd70d46e6b6b",
            "default_security_group_id": "sg-03017ecf839ee9d4e",
            "dhcp_options_id": "dopt-0e89cdc90f2e8100f",
            "enable_dns_hostnames": true,
            "enable_dns_support": true,
            "enable_network_address_usage_metrics": false,
            "id": "vpc-03d0cf96d9c79a2c8",
            "instance_tenancy": "default",
            "ipv4_ipam_pool_id": null,
            "ipv4_netmask_length": null,
            "ipv6_association_id": "",
            "ipv6_cidr_block": "",
            "ipv6_cidr_block_network_border_group": "",
            "ipv6_ipam_pool_id": "",
            "ipv6_netmask_length": 0,
            "main_route_table_id": "rtb-07054dd70d46e6b6b",
            "owner_id": "730335199760",
            "tags": {
              "Name": "vpc-dev"
            },
            "tags_all": {
              "Name": "vpc-dev"
            }
          },
          "sensitive_attributes": [],
          "private": "eyJzY2hlbWFfdmVyc2lvbiI6IjEifQ=="
        }
      ]
    },
    {
      "mode": "managed",
      "type": "tls_private_key",
      "name": "pk",
      "provider": "provider[\"registry.terraform.io/hashicorp/tls\"]",
      "instances": [
        {
          "schema_version": 1,
          "attributes": {
            "algorithm": "RSA",
            "ecdsa_curve": "P224",
            "id": "e6dc64f938711b77e8c24abbae8443c70ad6c6d4",
            "private_key_openssh": "-----BEGIN OPENSSH PRIVATE KEY-----\nb3BlbnNzaC1rZXktdjEAAAAABG5vbmUAAAAEbm9uZQAAAAAAAAABAAACFwAAAAdz\nc2gtcnNhAAAAAwEAAQAAAgEA0snulavdy+BrLIoQixH3s4uEnpcFDsgTjEj475IV\nfxqAb9kt1JJKe7Bv1fICSq4jzVVI2Q9YWUcekc/ZE6D4Pg/CUIhFFXuP/NYu6Syy\noLcU6H6otKJzODzc59XxJfcUTFagSRVJ+L4j5xpRh0vSetllljnkQwQVqlymIjMl\ngKIXX2BGvKcInMptq+HJduB3E1Z/Rdyk8PD/3ATrVn656msSa8M7MC3Lr66yGmuw\nUirUgBbWcU4LdnSmNmvS4Sf6mpcC/A325CmSGyfQD/N+l1jlMzE0b7ElfZ3dBwlL\nkkcdhymUX6G5u6bid/NUYMGU8Jxw2Y/TKSF2jwvWOF7O4s5pS4ZNz6gP0OpAvXk2\nLw94mCLk7vKew25S+OSUbxgaGZYvWtvs2poOM4J/IqmOPorZ6HR+DLVfDKlQT5OG\ntV3KG4AZKrcchCAVsCkZxC5D/LxdZ67HbXocHcBUhf6rd1DWOMfehvAuD4tgd1Ny\n0oaL/ja0+7yyZ6CeDLLiXfQ1NALk9A/LozVeisnyRqwl90CsrQ9EgD6v6juJW9Qr\nhGUnuWZOYglCln43C3RA0fN4kzMcDOFmO8l4CUcdT2ae+Pcz4T4iWsK2N4PhWK/n\nMncszZRnBaL/oF96JurDXkS+gPYaCnrOUG9/UmO1DDXsVQf4qNPR5MgiKS86fERt\n21sAAAc42BMhYdgTIWEAAAAHc3NoLXJzYQAAAgEA0snulavdy+BrLIoQixH3s4uE\nnpcFDsgTjEj475IVfxqAb9kt1JJKe7Bv1fICSq4jzVVI2Q9YWUcekc/ZE6D4Pg/C\nUIhFFXuP/NYu6SyyoLcU6H6otKJzODzc59XxJfcUTFagSRVJ+L4j5xpRh0vSetll\nljnkQwQVqlymIjMlgKIXX2BGvKcInMptq+HJduB3E1Z/Rdyk8PD/3ATrVn656msS\na8M7MC3Lr66yGmuwUirUgBbWcU4LdnSmNmvS4Sf6mpcC/A325CmSGyfQD/N+l1jl\nMzE0b7ElfZ3dBwlLkkcdhymUX6G5u6bid/NUYMGU8Jxw2Y/TKSF2jwvWOF7O4s5p\nS4ZNz6gP0OpAvXk2Lw94mCLk7vKew25S+OSUbxgaGZYvWtvs2poOM4J/IqmOPorZ\n6HR+DLVfDKlQT5OGtV3KG4AZKrcchCAVsCkZxC5D/LxdZ67HbXocHcBUhf6rd1DW\nOMfehvAuD4tgd1Ny0oaL/ja0+7yyZ6CeDLLiXfQ1NALk9A/LozVeisnyRqwl90Cs\nrQ9EgD6v6juJW9QrhGUnuWZOYglCln43C3RA0fN4kzMcDOFmO8l4CUcdT2ae+Pcz\n4T4iWsK2N4PhWK/nMncszZRnBaL/oF96JurDXkS+gPYaCnrOUG9/UmO1DDXsVQf4\nqNPR5MgiKS86fERt21sAAAADAQABAAACAFGC8vb/6hoP44HqtfEBdrcAib1GCxen\nOR/zjAgghp2LIwWdh0J/e7wPA4BJQKeeZYveofgGHhUQEnsyU/BqO/TL5Ul9GLHx\nAUI1lRhoR38srTIm4JhRhZrGtmoUaldTD49hpEP+roc5B+szWzmlkXQeI1GPe3yK\n1NH3V+s7uhHfHIiuU0xaj1MKWJSyEFUfAg0BUuAyLbpah6aOZG8jPEOxOgNgEMBV\nxUFfndHnuNxdYaVSr4RLONWK0EeVNIwLCLbFFMthnwqmJLDJmYTBlT9zidZc/bj/\nWM8Vv8YbyxR62alN4+mDQa6WH1dhSkzMLwtIg78uBesO3Kj+W82apAePGY61enoR\naab3j3wFepbEIC8PaWoiVPZQIL4gEChIqdUdXQ9ZJcn1RsT0e4GarWb2jc6Q2n+0\nWOZsKDZyavGA8HNTLHS2+EQPon9BOzEZoh2VxVuJ3LJrDfMeDKLowbbDwAEGT/tv\nd2Ur8fafwWXqmyANy3yhj6dSo8YQUvBarN6BBNRpZHg2Lh2xBf/CCCLeKEdiTmOH\n5Zo7fHIbkvyHzfd6be0Re1VH3IvfnxuB9efV9+0roPYOhQ0sVgLq6Hadc0f550fU\n/yj2FT0b//zk/c7GeVctUs8lxmc5fSbyb9KkkaZT2Dmg1xtbYGUtNeBYpL/EUPmG\nlQmkgbOOIyt5AAABABb7QAiTRyV1szMu1vFC9ESHQ2+8mf2yHIVNmrvB0irGy1XV\nF8lgwJtkH3wHe/lZAvMCfvM7jQ6ItmuA1pad4IRdaEEabmE2cwrUPDTyLJkszLUF\nfonfKoGulFBzSTKvp/2N7zb+z7XHljLo1OsGhOBidHYSJetjaCqhI7Tvn928Cf8A\nse89Tbl3wGSyflurwPzuy00ECuN9gzn/zXeIv+0p+3OoeNFs/l2rsjYaVzLjETEw\nI5KHuYj+Sto/4v+hB7v6OYz16EkEtrIXze1BIL88ey5cdxf4/6zGahjNeR1JLRqh\nk1r/v914PVm9sCJRxBWyoU3I6LNiG8VjKxZTFb0AAAEBAN8Rt3Gd00SLm/R2mFyK\nGEeMbaNyEL1mZOx/CoiIiqi9VxzpHrp7QHpabp7p9szs2XjW0yoMdzHe7/UC4Unr\nThrD/hOD0qRoz1yPbGUyauItFNmbfAv4dSWSn7vxnVjtcS0EESgvrUxlJa/uzLKe\nYbfD/ftk8lHxb1wUTxfBTMFAkjee3LrMEd09jrMMBqAmo6ctKh0DIdrnePdgYkUL\nMu9lyUWWzvNl6Ie3C5DgSDnUNEn0Nwi+sX6cBKz0Zgx6YQ7Guv5FKk8bFd7GJouu\ndwWwri6weRhkiM6w4Pcu6GMZigU6Y4uPxN1yJOMO+5nAkCJNWcBuePayBD1ylWPc\nxC0AAAEBAPHoHH/+Kk+UPnvM6r8WK+fncl+asT0t23DBg3+r2DlmQdm7HwbBI7RR\nIGKQFuZJjnyQY/v0gLTRy2CV7sA5VF+UvoFIi02X6B7OJb8hntjhd5btQzFY2ffI\nQCVhSwA5cqUCmnk8qpfOZvhFpiA37shJHtwm47KnGewzQ/a9Ix9ykIBmFoq4A2xJ\ntwO9e6zX2ezX5LOrWB+/pyVx5qi+EiLpMHCBCDJvUvep1QlMSIpDJZD7mZDKrROq\nDKYrJDGSY/J33NnL+qimCAFPU8lwc+AB40qE1+5/sTjok9gziHZJ+GbTKF53IOYj\nZhsfNzD5aweeedgtMDQ+jeHrDdw0qqcAAAAAAQID\n-----END OPENSSH PRIVATE KEY-----\n",
            "private_key_pem": "-----BEGIN RSA PRIVATE KEY-----\nMIIJJwIBAAKCAgEA0snulavdy+BrLIoQixH3s4uEnpcFDsgTjEj475IVfxqAb9kt\n1JJKe7Bv1fICSq4jzVVI2Q9YWUcekc/ZE6D4Pg/CUIhFFXuP/NYu6SyyoLcU6H6o\ntKJzODzc59XxJfcUTFagSRVJ+L4j5xpRh0vSetllljnkQwQVqlymIjMlgKIXX2BG\nvKcInMptq+HJduB3E1Z/Rdyk8PD/3ATrVn656msSa8M7MC3Lr66yGmuwUirUgBbW\ncU4LdnSmNmvS4Sf6mpcC/A325CmSGyfQD/N+l1jlMzE0b7ElfZ3dBwlLkkcdhymU\nX6G5u6bid/NUYMGU8Jxw2Y/TKSF2jwvWOF7O4s5pS4ZNz6gP0OpAvXk2Lw94mCLk\n7vKew25S+OSUbxgaGZYvWtvs2poOM4J/IqmOPorZ6HR+DLVfDKlQT5OGtV3KG4AZ\nKrcchCAVsCkZxC5D/LxdZ67HbXocHcBUhf6rd1DWOMfehvAuD4tgd1Ny0oaL/ja0\n+7yyZ6CeDLLiXfQ1NALk9A/LozVeisnyRqwl90CsrQ9EgD6v6juJW9QrhGUnuWZO\nYglCln43C3RA0fN4kzMcDOFmO8l4CUcdT2ae+Pcz4T4iWsK2N4PhWK/nMncszZRn\nBaL/oF96JurDXkS+gPYaCnrOUG9/UmO1DDXsVQf4qNPR5MgiKS86fERt21sCAwEA\nAQKCAgBRgvL2/+oaD+OB6rXxAXa3AIm9RgsXpzkf84wIIIadiyMFnYdCf3u8DwOA\nSUCnnmWL3qH4Bh4VEBJ7MlPwajv0y+VJfRix8QFCNZUYaEd/LK0yJuCYUYWaxrZq\nFGpXUw+PYaRD/q6HOQfrM1s5pZF0HiNRj3t8itTR91frO7oR3xyIrlNMWo9TCliU\nshBVHwINAVLgMi26WoemjmRvIzxDsToDYBDAVcVBX53R57jcXWGlUq+ESzjVitBH\nlTSMCwi2xRTLYZ8KpiSwyZmEwZU/c4nWXP24/1jPFb/GG8sUetmpTePpg0Gulh9X\nYUpMzC8LSIO/LgXrDtyo/lvNmqQHjxmOtXp6EWmm9498BXqWxCAvD2lqIlT2UCC+\nIBAoSKnVHV0PWSXJ9UbE9HuBmq1m9o3OkNp/tFjmbCg2cmrxgPBzUyx0tvhED6J/\nQTsxGaIdlcVbidyyaw3zHgyi6MG2w8ABBk/7b3dlK/H2n8Fl6psgDct8oY+nUqPG\nEFLwWqzegQTUaWR4Ni4dsQX/wggi3ihHYk5jh+WaO3xyG5L8h833em3tEXtVR9yL\n358bgfXn1fftK6D2DoUNLFYC6uh2nXNH+edH1P8o9hU9G//85P3OxnlXLVLPJcZn\nOX0m8m/SpJGmU9g5oNcbW2BlLTXgWKS/xFD5hpUJpIGzjiMreQKCAQEA3xG3cZ3T\nRIub9HaYXIoYR4xto3IQvWZk7H8KiIiKqL1XHOkeuntAelpunun2zOzZeNbTKgx3\nMd7v9QLhSetOGsP+E4PSpGjPXI9sZTJq4i0U2Zt8C/h1JZKfu/GdWO1xLQQRKC+t\nTGUlr+7Msp5ht8P9+2TyUfFvXBRPF8FMwUCSN57cuswR3T2OswwGoCajpy0qHQMh\n2ud492BiRQsy72XJRZbO82Xoh7cLkOBIOdQ0SfQ3CL6xfpwErPRmDHphDsa6/kUq\nTxsV3sYmi653BbCuLrB5GGSIzrDg9y7oYxmKBTpji4/E3XIk4w77mcCQIk1ZwG54\n9rIEPXKVY9zELQKCAQEA8egcf/4qT5Q+e8zqvxYr5+dyX5qxPS3bcMGDf6vYOWZB\n2bsfBsEjtFEgYpAW5kmOfJBj+/SAtNHLYJXuwDlUX5S+gUiLTZfoHs4lvyGe2OF3\nlu1DMVjZ98hAJWFLADlypQKaeTyql85m+EWmIDfuyEke3CbjsqcZ7DND9r0jH3KQ\ngGYWirgDbEm3A717rNfZ7Nfks6tYH7+nJXHmqL4SIukwcIEIMm9S96nVCUxIikMl\nkPuZkMqtE6oMpiskMZJj8nfc2cv6qKYIAU9TyXBz4AHjSoTX7n+xOOiT2DOIdkn4\nZtMoXncg5iNmGx83MPlrB5552C0wND6N4esN3DSqpwKCAQB7Y1ZgT1ecU8kZSTxv\n+6cAdKn0vdSKn4f11TPjX/uq6Mi14jEwH5sD0t/boTj2E5EbqWC2opyQBmwez9AE\nTlcusPjqnIE4lg0VevQPafr7Tsp4r+vGx1EtTlRy5mwN05FFwDkpTG4EkvJsxZ+O\nsdMFjjEADM+JCg56FXXGgxLM1sXKZGJeJSFAiptTaLSFg7oEcBQaZjAk4OLlmvfg\njxhGmbvidU/WDKm54ENSiO0Kp9mgiqiierC9gtmHPczw3ASx4rVujp2fkjDfwCV0\nIDYP/LHse4sQNhQCmI5nzBeZMXhJ+gk0GntfrpK+0fvUCVLw1m5t5e2dL8zunGIM\nEgKlAoIBAGbiIiTpk1MvKHf8yiYlJt1FmWZB43mypC7LjsLg8mBPNliE9ggoYqgR\nDOX+hE7DH/+oZW3GKms9AvN8MQO+Hj1chL11fhGtNsLLSFCG2wlAs10UYcx+Do4M\ntANx4rUgubqmZc6EV8WiujaDYMk5IKw8NQzK2XKlEShdEV3CSUrZrc1+Hb43zvTi\nUR0dHJmBYCUUGSe1CxDNsSgCzmgcFpiUds6Sgkr4/99ncry2ne936WVFLKXhHUVM\nwH53wLf4m9uG0P4se9n4a1UrSOZWlmHCS8nov/Gmi1g5yo9cM4CjqysISZYLsolO\nquGEIDQLEFM4OngPl/3QUQWxs75hA+cCggEAFvtACJNHJXWzMy7W8UL0RIdDb7yZ\n/bIchU2au8HSKsbLVdUXyWDAm2QffAd7+VkC8wJ+8zuNDoi2a4DWlp3ghF1oQRpu\nYTZzCtQ8NPIsmSzMtQV+id8qga6UUHNJMq+n/Y3vNv7PtceWMujU6waE4GJ0dhIl\n62NoKqEjtO+f3bwJ/wCx7z1NuXfAZLJ+W6vA/O7LTQQK432DOf/Nd4i/7Sn7c6h4\n0Wz+XauyNhpXMuMRMTAjkoe5iP5K2j/i/6EHu/o5jPXoSQS2shfN7UEgvzx7Llx3\nF/j/rMZqGM15HUktGqGTWv+/3Xg9Wb2wIlHEFbKhTcjos2IbxWMrFlMVvQ==\n-----END RSA PRIVATE KEY-----\n",
            "private_key_pem_pkcs8": "-----BEGIN PRIVATE KEY-----\nMIIJQQIBADANBgkqhkiG9w0BAQEFAASCCSswggknAgEAAoICAQDSye6Vq93L4Gss\nihCLEfezi4SelwUOyBOMSPjvkhV/GoBv2S3Ukkp7sG/V8gJKriPNVUjZD1hZRx6R\nz9kToPg+D8JQiEUVe4/81i7pLLKgtxTofqi0onM4PNzn1fEl9xRMVqBJFUn4viPn\nGlGHS9J62WWWOeRDBBWqXKYiMyWAohdfYEa8pwicym2r4cl24HcTVn9F3KTw8P/c\nBOtWfrnqaxJrwzswLcuvrrIaa7BSKtSAFtZxTgt2dKY2a9LhJ/qalwL8DfbkKZIb\nJ9AP836XWOUzMTRvsSV9nd0HCUuSRx2HKZRfobm7puJ381RgwZTwnHDZj9MpIXaP\nC9Y4Xs7izmlLhk3PqA/Q6kC9eTYvD3iYIuTu8p7DblL45JRvGBoZli9a2+zamg4z\ngn8iqY4+itnodH4MtV8MqVBPk4a1XcobgBkqtxyEIBWwKRnELkP8vF1nrsdtehwd\nwFSF/qt3UNY4x96G8C4Pi2B3U3LShov+NrT7vLJnoJ4MsuJd9DU0AuT0D8ujNV6K\nyfJGrCX3QKytD0SAPq/qO4lb1CuEZSe5Zk5iCUKWfjcLdEDR83iTMxwM4WY7yXgJ\nRx1PZp749zPhPiJawrY3g+FYr+cydyzNlGcFov+gX3om6sNeRL6A9hoKes5Qb39S\nY7UMNexVB/io09HkyCIpLzp8RG3bWwIDAQABAoICAFGC8vb/6hoP44HqtfEBdrcA\nib1GCxenOR/zjAgghp2LIwWdh0J/e7wPA4BJQKeeZYveofgGHhUQEnsyU/BqO/TL\n5Ul9GLHxAUI1lRhoR38srTIm4JhRhZrGtmoUaldTD49hpEP+roc5B+szWzmlkXQe\nI1GPe3yK1NH3V+s7uhHfHIiuU0xaj1MKWJSyEFUfAg0BUuAyLbpah6aOZG8jPEOx\nOgNgEMBVxUFfndHnuNxdYaVSr4RLONWK0EeVNIwLCLbFFMthnwqmJLDJmYTBlT9z\nidZc/bj/WM8Vv8YbyxR62alN4+mDQa6WH1dhSkzMLwtIg78uBesO3Kj+W82apAeP\nGY61enoRaab3j3wFepbEIC8PaWoiVPZQIL4gEChIqdUdXQ9ZJcn1RsT0e4GarWb2\njc6Q2n+0WOZsKDZyavGA8HNTLHS2+EQPon9BOzEZoh2VxVuJ3LJrDfMeDKLowbbD\nwAEGT/tvd2Ur8fafwWXqmyANy3yhj6dSo8YQUvBarN6BBNRpZHg2Lh2xBf/CCCLe\nKEdiTmOH5Zo7fHIbkvyHzfd6be0Re1VH3IvfnxuB9efV9+0roPYOhQ0sVgLq6Had\nc0f550fU/yj2FT0b//zk/c7GeVctUs8lxmc5fSbyb9KkkaZT2Dmg1xtbYGUtNeBY\npL/EUPmGlQmkgbOOIyt5AoIBAQDfEbdxndNEi5v0dphcihhHjG2jchC9ZmTsfwqI\niIqovVcc6R66e0B6Wm6e6fbM7Nl41tMqDHcx3u/1AuFJ604aw/4Tg9KkaM9cj2xl\nMmriLRTZm3wL+HUlkp+78Z1Y7XEtBBEoL61MZSWv7syynmG3w/37ZPJR8W9cFE8X\nwUzBQJI3nty6zBHdPY6zDAagJqOnLSodAyHa53j3YGJFCzLvZclFls7zZeiHtwuQ\n4Eg51DRJ9DcIvrF+nASs9GYMemEOxrr+RSpPGxXexiaLrncFsK4usHkYZIjOsOD3\nLuhjGYoFOmOLj8TdciTjDvuZwJAiTVnAbnj2sgQ9cpVj3MQtAoIBAQDx6Bx//ipP\nlD57zOq/Fivn53JfmrE9LdtwwYN/q9g5ZkHZux8GwSO0USBikBbmSY58kGP79IC0\n0ctgle7AOVRflL6BSItNl+geziW/IZ7Y4XeW7UMxWNn3yEAlYUsAOXKlApp5PKqX\nzmb4RaYgN+7ISR7cJuOypxnsM0P2vSMfcpCAZhaKuANsSbcDvXus19ns1+Szq1gf\nv6clceaovhIi6TBwgQgyb1L3qdUJTEiKQyWQ+5mQyq0TqgymKyQxkmPyd9zZy/qo\npggBT1PJcHPgAeNKhNfuf7E46JPYM4h2Sfhm0yhedyDmI2YbHzcw+WsHnnnYLTA0\nPo3h6w3cNKqnAoIBAHtjVmBPV5xTyRlJPG/7pwB0qfS91Iqfh/XVM+Nf+6royLXi\nMTAfmwPS39uhOPYTkRupYLainJAGbB7P0AROVy6w+OqcgTiWDRV69A9p+vtOyniv\n68bHUS1OVHLmbA3TkUXAOSlMbgSS8mzFn46x0wWOMQAMz4kKDnoVdcaDEszWxcpk\nYl4lIUCKm1NotIWDugRwFBpmMCTg4uWa9+CPGEaZu+J1T9YMqbngQ1KI7Qqn2aCK\nqKJ6sL2C2Yc9zPDcBLHitW6OnZ+SMN/AJXQgNg/8sex7ixA2FAKYjmfMF5kxeEn6\nCTQae1+ukr7R+9QJUvDWbm3l7Z0vzO6cYgwSAqUCggEAZuIiJOmTUy8od/zKJiUm\n3UWZZkHjebKkLsuOwuDyYE82WIT2CChiqBEM5f6ETsMf/6hlbcYqaz0C83wxA74e\nPVyEvXV+Ea02wstIUIbbCUCzXRRhzH4Ojgy0A3HitSC5uqZlzoRXxaK6NoNgyTkg\nrDw1DMrZcqURKF0RXcJJStmtzX4dvjfO9OJRHR0cmYFgJRQZJ7ULEM2xKALOaBwW\nmJR2zpKCSvj/32dyvLad73fpZUUspeEdRUzAfnfAt/ib24bQ/ix72fhrVStI5laW\nYcJLyei/8aaLWDnKj1wzgKOrKwhJlguyiU6q4YQgNAsQUzg6eA+X/dBRBbGzvmED\n5wKCAQAW+0AIk0cldbMzLtbxQvREh0NvvJn9shyFTZq7wdIqxstV1RfJYMCbZB98\nB3v5WQLzAn7zO40OiLZrgNaWneCEXWhBGm5hNnMK1Dw08iyZLMy1BX6J3yqBrpRQ\nc0kyr6f9je82/s+1x5Yy6NTrBoTgYnR2EiXrY2gqoSO075/dvAn/ALHvPU25d8Bk\nsn5bq8D87stNBArjfYM5/813iL/tKftzqHjRbP5dq7I2Glcy4xExMCOSh7mI/kra\nP+L/oQe7+jmM9ehJBLayF83tQSC/PHsuXHcX+P+sxmoYzXkdSS0aoZNa/7/deD1Z\nvbAiUcQVsqFNyOizYhvFYysWUxW9\n-----END PRIVATE KEY-----\n",
            "public_key_fingerprint_md5": "27:36:d9:fc:62:b0:aa:dc:1b:65:f6:bf:ef:93:ad:f6",
            "public_key_fingerprint_sha256": "SHA256:J+H7bMuGlSRTggszRbxdy6j5q82rnjGVyT4YXMunZXk",
            "public_key_openssh": "ssh-rsa AAAAB3NzaC1yc2EAAAADAQABAAACAQDSye6Vq93L4GssihCLEfezi4SelwUOyBOMSPjvkhV/GoBv2S3Ukkp7sG/V8gJKriPNVUjZD1hZRx6Rz9kToPg+D8JQiEUVe4/81i7pLLKgtxTofqi0onM4PNzn1fEl9xRMVqBJFUn4viPnGlGHS9J62WWWOeRDBBWqXKYiMyWAohdfYEa8pwicym2r4cl24HcTVn9F3KTw8P/cBOtWfrnqaxJrwzswLcuvrrIaa7BSKtSAFtZxTgt2dKY2a9LhJ/qalwL8DfbkKZIbJ9AP836XWOUzMTRvsSV9nd0HCUuSRx2HKZRfobm7puJ381RgwZTwnHDZj9MpIXaPC9Y4Xs7izmlLhk3PqA/Q6kC9eTYvD3iYIuTu8p7DblL45JRvGBoZli9a2+zamg4zgn8iqY4+itnodH4MtV8MqVBPk4a1XcobgBkqtxyEIBWwKRnELkP8vF1nrsdtehwdwFSF/qt3UNY4x96G8C4Pi2B3U3LShov+NrT7vLJnoJ4MsuJd9DU0AuT0D8ujNV6KyfJGrCX3QKytD0SAPq/qO4lb1CuEZSe5Zk5iCUKWfjcLdEDR83iTMxwM4WY7yXgJRx1PZp749zPhPiJawrY3g+FYr+cydyzNlGcFov+gX3om6sNeRL6A9hoKes5Qb39SY7UMNexVB/io09HkyCIpLzp8RG3bWw==\n",
            "public_key_pem": "-----BEGIN PUBLIC KEY-----\nMIICIjANBgkqhkiG9w0BAQEFAAOCAg8AMIICCgKCAgEA0snulavdy+BrLIoQixH3\ns4uEnpcFDsgTjEj475IVfxqAb9kt1JJKe7Bv1fICSq4jzVVI2Q9YWUcekc/ZE6D4\nPg/CUIhFFXuP/NYu6SyyoLcU6H6otKJzODzc59XxJfcUTFagSRVJ+L4j5xpRh0vS\netllljnkQwQVqlymIjMlgKIXX2BGvKcInMptq+HJduB3E1Z/Rdyk8PD/3ATrVn65\n6msSa8M7MC3Lr66yGmuwUirUgBbWcU4LdnSmNmvS4Sf6mpcC/A325CmSGyfQD/N+\nl1jlMzE0b7ElfZ3dBwlLkkcdhymUX6G5u6bid/NUYMGU8Jxw2Y/TKSF2jwvWOF7O\n4s5pS4ZNz6gP0OpAvXk2Lw94mCLk7vKew25S+OSUbxgaGZYvWtvs2poOM4J/IqmO\nPorZ6HR+DLVfDKlQT5OGtV3KG4AZKrcchCAVsCkZxC5D/LxdZ67HbXocHcBUhf6r\nd1DWOMfehvAuD4tgd1Ny0oaL/ja0+7yyZ6CeDLLiXfQ1NALk9A/LozVeisnyRqwl\n90CsrQ9EgD6v6juJW9QrhGUnuWZOYglCln43C3RA0fN4kzMcDOFmO8l4CUcdT2ae\n+Pcz4T4iWsK2N4PhWK/nMncszZRnBaL/oF96JurDXkS+gPYaCnrOUG9/UmO1DDXs\nVQf4qNPR5MgiKS86fERt21sCAwEAAQ==\n-----END PUBLIC KEY-----\n",
            "rsa_bits": 4096
          },
          "sensitive_attributes": [
            [
              {
                "type": "get_attr",
                "value": "private_key_pem_pkcs8"
              }
            ],
            [
              {
                "type": "get_attr",
                "value": "private_key_pem"
              }
            ],
            [
              {
                "type": "get_attr",
                "value": "private_key_openssh"
              }
            ]
          ]
        }
      ]
    }
  ],
  "check_results": [
    {
      "object_kind": "var",
      "config_addr": "var.environment_type",
      "status": "pass",
      "objects": [
        {
          "object_addr": "var.environment_type",
          "status": "pass"
        }
      ]
    }
  ]
}
